{
  "version": "3.12.0",
  "generated_at": "2026-07-23T18:22:41.879Z",
  "files": {
    "../.github/agents/specky-design-architect.agent.md": "60e028a80bc5b969d0301ac636e608af2c963400053762af5eebb1501ca15c96",
    "../.github/agents/specky-implementer.agent.md": "d5da45d857913dfd2c15520d7fbf0726bb3069f12be367ae64c43eb3d4cbffd2",
    "../.github/agents/specky-onboarding.agent.md": "c10c6c41e78404f2275aebe52ba06c22f9f537439ff2314884211ba74ef88229",
    "../.github/agents/specky-orchestrator.agent.md": "4cad3723bf58ff19b31b9771ba5aaa061d1a6fae2d9e4d4ffd37450705e06566",
    "../.github/agents/specky-quality-reviewer.agent.md": "1c0caa5d36f9d2dcfb24cc100a49941972a2b2a7fcef8442795ab620865d0773",
    "../.github/agents/specky-release-engineer.agent.md": "2a455891a885f7383040ffaa49d0273de943f27fae6e39aabda308a1d69f5a14",
    "../.github/agents/specky-requirements-engineer.agent.md": "2fc79c0aa9ea9b1c1d9be1f6672a5b96f7f4b7f977147d51600695f143f23509",
    "../.github/agents/specky-research-analyst.agent.md": "f8d87a6930c4857eb62abd3973a57577b497cd6e91484350ccf5c3e8bb98d0f8",
    "../.github/agents/specky-sdd-clarify.agent.md": "f33374db6e61f85a80e2e4b2013f57888c1676595cccce6016605a0d6cf39f24",
    "../.github/agents/specky-sdd-init.agent.md": "dad1fc7bef476cd9ba211eab57abb823ae13e68e10a29b42ab26b659bdc872ed",
    "../.github/agents/specky-spec-engineer.agent.md": "0221d08a2674cb2fd4529b03fd70ccfe8e1694c2a3c290c9a59e5ba9447eb08e",
    "../.github/agents/specky-task-planner.agent.md": "e0629d21ca6f4471654a46480f54e34775dec65ef8bdcdda3ec09c22aada23bc",
    "../.github/agents/specky-test-verifier.agent.md": "c56c5ce8324566822e0e882f635e097ec066696bec013d298e764c49ffd7bf15",
    "../.github/prompts/specky-api.prompt.md": "4a13ba39ba58773cbb0bf39c12e462a80d2348aa5fdc4ce612f924658f00c7ed",
    "../.github/prompts/specky-brownfield.prompt.md": "f3d20312ca7dc7d7c2d0005b9b475fdf7ca542aff77c42511192ba49c1b731cd",
    "../.github/prompts/specky-check-drift.prompt.md": "f3a04b00ef10167cbd1cdcf63f8b8595d3bc8196d107b48963f8b123f711f3af",
    "../.github/prompts/specky-clarify.prompt.md": "60ec6230c3dbf2c943896dae07f8643335e55ce6e14a90d91b815fe77aada930",
    "../.github/prompts/specky-debug-hook.prompt.md": "c5c0054280f3f05103f4ac2459631f6f1494fe10f248bf8c9a4779d83f5d60b4",
    "../.github/prompts/specky-deploy.prompt.md": "e6c2a77ff40eca6770344bb7f71a8ecb8529795cdf555c308ba48113b0682a8e",
    "../.github/prompts/specky-design.prompt.md": "c125b4e9da56de11160189b6c23665a181b35753cd4c86191925e7896f282f24",
    "../.github/prompts/specky-from-figma.prompt.md": "0ba1d4d4a9ced39ea89bae8fa98ae3449c2d973510e9a6cf80e3cfe9f29b1fce",
    "../.github/prompts/specky-from-meeting.prompt.md": "7682a5a2784fd8b9f95e67eca8d8eb21f4755c5c3e5ad4f2c02412493f9ac35f",
    "../.github/prompts/specky-greenfield.prompt.md": "07e8c25dbd0a7532f1a23535a88789bd501bacb3fbf7f9501c3b8e9c533f5ea5",
    "../.github/prompts/specky-implement.prompt.md": "2253cdf444bb8f3f7472f785f4632b5edfbaa0fe9bc123989320936ba2ec5274",
    "../.github/prompts/specky-migration.prompt.md": "b0ec812513f30718be36666dd2a4cc377ec099d68928e9bfc691ac14360e36f6",
    "../.github/prompts/specky-onboarding.prompt.md": "164d338bf9b48b6f4bbaf78ebcdc504f96c871913add892188b53f35f9b72911",
    "../.github/prompts/specky-orchestrate.prompt.md": "170aae7b935cfd18607101bea80400e80d6faa362817ccc1eb29c97f6ed590b9",
    "../.github/prompts/specky-pipeline-status.prompt.md": "3c796d1c8e46c635eda5cb08d890b711ce129308ffa309923874361e7912cc27",
    "../.github/prompts/specky-release.prompt.md": "6bf07516853fc1ce31d73af9ecaf8c9c49d02c060fd4fe7f9cda329805f3c1c5",
    "../.github/prompts/specky-research.prompt.md": "bb1040cbfeb90f9c3ecd0ae6f31e3dbfa09e7937c970844d107414fc7b7f54de",
    "../.github/prompts/specky-reset-phase.prompt.md": "81218d63f7d8fdd8b7b9de8e8115f180ced3086dc4bc0853c46268ce335361de",
    "../.github/prompts/specky-resolve-conflict.prompt.md": "785a60f9515f13a601e421049aeac1b519f65db6c83fdce061df9e19f1f5947f",
    "../.github/prompts/specky-specify.prompt.md": "b160f1e6d90657702430a404bd7a372f98161b4c78a1d2f43e827cb0b2dc3e04",
    "../.github/prompts/specky-tasks.prompt.md": "e06dd4cd6c4e7edddd2bc8319bacc6b4b4c849d3e52ba892fa08f4a77ed711cc",
    "../.github/prompts/specky-verify.prompt.md": "217327ac0c25b1d39c2fa41390f535aaae38e7c81d8e4cf3127917f44f98d3b9",
    "../.github/skills/specky-design-architect/SKILL.md": "72d1e3317f13ea005c722c96d2c5fb263f326da1548ddd23c669fab7665e42b8",
    "../.github/skills/specky-implementer/SKILL.md": "475cc070ffeaf0fd7a32ce13ef428e9466431ae78319e928b078884d20104b7e",
    "../.github/skills/specky-onboarding/SKILL.md": "7fe13985db0bcfbd2a3dde10424949c30aaeb8cabd94c3c5860550f76c8c7601",
    "../.github/skills/specky-orchestrator/SKILL.md": "ea59f3fb697e9a80818cd438be012e6dc567f976c2730b96e8e20a90d4c3ac94",
    "../.github/skills/specky-quality-reviewer/SKILL.md": "fdba4e24141898c9222dbb38be2f08b0b2ba82950c10088553445b95edf78835",
    "../.github/skills/specky-release-engineer/SKILL.md": "a4345263b6414031b4e6ef09938a011438e697b73aa86ee37f3819bc1bce8c87",
    "../.github/skills/specky-research-analyst/SKILL.md": "f78ab9100a54c4b438ac9d9b6090c4a7c498d39d3cdba6b8952615bdc7619f1e",
    "../.github/skills/specky-sdd-clarify/SKILL.md": "7d4958d33b71671fa932b82d88da90f7f055c9ba97e45e1083f7db1b9097f42d",
    "../.github/skills/specky-sdd-init/SKILL.md": "5849974e38a3d7dd2e68737d66c8ec932d1dd06107ca594cceeb63e7ecce09d6",
    "../.github/skills/specky-sdd-markdown-standard/SKILL.md": "ca74b956fa30cc40f2223e6692797f3d7048ddf5b3e082835476fa3e0de1af66",
    "../.github/skills/specky-sdd-pipeline/SKILL.md": "4ba6750b0a3e370fe396980cc63f929f79e94f09542bb97e9c951c40bdc55a82",
    "../.github/skills/specky-sdd-pipeline/references/ears-notation.md": "580dc051802750904ef409b9f89873ad250326bc17c992bd53366b3b1a04f1c5",
    "../.github/skills/specky-sdd-pipeline/references/model-routing.md": "6ca9bd5cde2a8d227c795d37c4d43b712dd183c10d5d87b987514b494f7c28f3",
    "../.github/skills/specky-spec-engineer/SKILL.md": "372ae3faf5cddf9ba90e1133c0117b032f5ae697069d008e3a3f797e78d60e83",
    "../.github/skills/specky-task-planner/SKILL.md": "9c1d97624c293525cca9bea253a1f186de593e0d130a5a2b8a704451a200a1f4",
    "../.github/skills/specky-test-verifier/SKILL.md": "cae6ad89db7ea84aaaab66665db3dbccd3106aedccd73a0869ae7badcc8a2673",
    "../.github/hooks/specky/scripts/specky-artifact-validator.sh": "5d75f3d61ae7a4dd51fc5c8470444c003e983eb7f90edfdbd06fcf614cfa388d",
    "../.github/hooks/specky/scripts/specky-auto-checkpoint.sh": "b10018985bc627d33b7a0ef29c2e743b3b6ef20f0d35d60b05c381fd2c58ae53",
    "../.github/hooks/specky/scripts/specky-branch-validator.sh": "185e49625b35f6cf926ec3f73a947d05000c2e232a8e55bd2528ac7a32f84a9d",
    "../.github/hooks/specky/scripts/specky-cognitive-debt-alert.sh": "125df179fc4778970ddceb6283bcd6f62cf67705c80e452cc389dedecc3f81a5",
    "../.github/hooks/specky/scripts/specky-contract-context.bash": "0093dcd64fd7e3e498398208005ac280db71742585d9ed1cc91966491133393a",
    "../.github/hooks/specky/scripts/specky-contract-context.mjs": "9aacea618e0cd59e205d4e29d41867d1b0b5b68ca411f0b646323606463ea7b3",
    "../.github/hooks/specky/scripts/specky-drift-monitor.sh": "2050c40fdc74ce636e64c4c4e8b448102eddee77e3a274a26430feb8546d5f90",
    "../.github/hooks/specky/scripts/specky-ears-validator.sh": "e267fa02d60fc660a9b1eb022e52fe3514aa0e7890b685e80de231222039b926",
    "../.github/hooks/specky/scripts/specky-lgtm-gate.sh": "6ba53f5a9ebc593a0ecc6ccd21fa7006876731c4871cffb11662437a37299b08",
    "../.github/hooks/specky/scripts/specky-metrics-dashboard.sh": "05894d6a7fb08c5063f201ed41c4b4a7bc1016958fac823b2344b1847021874f",
    "../.github/hooks/specky/scripts/specky-phase-gate.sh": "aacef51523610811f0dc0bcbdbfb883ae9e87c90197e89d6a0f452990cd8e02a",
    "../.github/hooks/specky/scripts/specky-pipeline-guard.sh": "cabcc62ff28c3077e7eafb3b1d8e8341242202d17ad16c8bce270e99f891b190",
    "../.github/hooks/specky/scripts/specky-release-gate.sh": "7963ea92861ea7bc2f13813ae19f0d618002fa406d64a5bb6c100ad42e28501c",
    "../.github/hooks/specky/scripts/specky-security-scan.sh": "5d621e43dec7ac3a9be607ecc622a1548c6f9aefa6f5a470d5d094fb60e41626",
    "../.github/hooks/specky/scripts/specky-session-banner.sh": "92928d633f34186f9d35450f6bd02292211dae96ca08ef01a2854aa1deffc82a",
    "../.github/hooks/specky/scripts/specky-spec-quality.sh": "2b94a846076807700cdbb157f2ef4bddbe1dfb4b32fbc6d1aed5e4b9a67715cd",
    "../.github/hooks/specky/scripts/specky-spec-sync.sh": "a884d4b6d44af3f3c7dcd536c9c9b2dfa08855a54d2020c8f1274f217a2f165f",
    "../.github/hooks/specky/scripts/specky-task-tracer.sh": "db4b7fbc5799da2ac2ac7d5b434b03af7797e5d977cdf4e7e26531a8f9eeb96d",
    "../.github/hooks/specky/sdd-hooks.json": "f53c22152c08a91b945f0c6b588f257791464c66aa55682f8c0691ddb4e2436c",
    "../.github/instructions/copilot-instructions.instructions.md": "99c8f75e8ed9912d9b7e1198f40eee964e50fdf2dbbe86f65b8d90646a7d4b17"
  }
}
